
Microsoft Visual Studio Solution File, Format Version 12.00
# Visual Studio Version 16
VisualStudioVersion = 16.0.31205.134
MinimumVisualStudioVersion = 10.0.40219.1
Project("{9A19103F-16F7-4668-BE54-9A1E7A4F7556}") = "WebMVC", "Web\WebMVC\WebMVC.csproj", "{E98115FA-C3FA-4D3D-AB04-7052171BAF79}"
EndProject
Project("{9A19103F-16F7-4668-BE54-9A1E7A4F7556}") = "RepositorioCSV", "Repositorio\RepositorioCSV\RepositorioCSV.csproj", "{2B72FA52-5072-451F-B39D-B8FE886CD814}"
EndProject
Project("{9A19103F-16F7-4668-BE54-9A1E7A4F7556}") = "EntityInMemory", "Repositorio\EntityInMemory\EntityInMemory.csproj", "{BBCFF5A2-B51A-400E-8ACF-F6A6A55C6003}"
EndProject
Global
	GlobalSection(SolutionConfigurationPlatforms) = preSolution
		Debug|Any CPU = Debug|Any CPU
		Release|Any CPU = Release|Any CPU
	EndGlobalSection
	GlobalSection(ProjectConfigurationPlatforms) = postSolution
		{E98115FA-C3FA-4D3D-AB04-7052171BAF79}.Debug|Any CPU.ActiveCfg = Debug|Any CPU
		{E98115FA-C3FA-4D3D-AB04-7052171BAF79}.Debug|Any CPU.Build.0 = Debug|Any CPU
		{E98115FA-C3FA-4D3D-AB04-7052171BAF79}.Release|Any CPU.ActiveCfg = Release|Any CPU
		{E98115FA-C3FA-4D3D-AB04-7052171BAF79}.Release|Any CPU.Build.0 = Release|Any CPU
		{2B72FA52-5072-451F-B39D-B8FE886CD814}.Debug|Any CPU.ActiveCfg = Debug|Any CPU
		{2B72FA52-5072-451F-B39D-B8FE886CD814}.Debug|Any CPU.Build.0 = Debug|Any CPU
		{2B72FA52-5072-451F-B39D-B8FE886CD814}.Release|Any CPU.ActiveCfg = Release|Any CPU
		{2B72FA52-5072-451F-B39D-B8FE886CD814}.Release|Any CPU.Build.0 = Release|Any CPU
		{BBCFF5A2-B51A-400E-8ACF-F6A6A55C6003}.Debug|Any CPU.ActiveCfg = Debug|Any CPU
		{BBCFF5A2-B51A-400E-8ACF-F6A6A55C6003}.Debug|Any CPU.Build.0 = Debug|Any CPU
		{BBCFF5A2-B51A-400E-8ACF-F6A6A55C6003}.Release|Any CPU.ActiveCfg = Release|Any CPU
		{BBCFF5A2-B51A-400E-8ACF-F6A6A55C6003}.Release|Any CPU.Build.0 = Release|Any CPU
	EndGlobalSection
	GlobalSection(SolutionProperties) = preSolution
		HideSolutionNode = FALSE
	EndGlobalSection
	GlobalSection(ExtensibilityGlobals) = postSolution
		SolutionGuid = {AC4B54BE-3901-4B4F-9400-0C746E378795}
	EndGlobalSection
EndGlobal
